Microsoft Visual Studio Solution File, Format Version 9.00
# Visual Studio 2005
Project("{8BC9CEB8-8B4A-11D0-8D11-00A0C91BC942}") = "ALL_BUILD", ".\ALL_BUILD.vcproj", "{9EF3599C-FFCB-477A-B307-E68AC6A946D0}"
	ProjectSection(ProjectDependencies) = postProject
		{B2045434-D7D9-481D-B227-61ACB6291D7B} = {B2045434-D7D9-481D-B227-61ACB6291D7B}
		{20DA8824-BE37-43D3-8A4B-4472EF87367B} = {20DA8824-BE37-43D3-8A4B-4472EF87367B}
		{9A8C439E-4E3E-4A9F-8AC5-78C780F2EC6D} = {9A8C439E-4E3E-4A9F-8AC5-78C780F2EC6D}
		{D5BA009C-CFE2-4034-988B-BA5B4670E953} = {D5BA009C-CFE2-4034-988B-BA5B4670E953}
		{E1D8FEB0-25D5-4B81-98A0-B42CB9F4D174} = {E1D8FEB0-25D5-4B81-98A0-B42CB9F4D174}
		{AB61F4DC-C2F6-4D8D-896F-2C2EF63D16CD} = {AB61F4DC-C2F6-4D8D-896F-2C2EF63D16CD}
		{D74AC28C-1C1E-428F-B1DE-120DCF90B32F} = {D74AC28C-1C1E-428F-B1DE-120DCF90B32F}
		{86172C3B-0921-4AEB-B41F-C3E4D9326651} = {86172C3B-0921-4AEB-B41F-C3E4D9326651}
		{F64954EB-978F-4A95-A6E7-A4974E3C0B86} = {F64954EB-978F-4A95-A6E7-A4974E3C0B86}
		{93DD26E8-8E0E-49C9-9619-FC56507BA3B5} = {93DD26E8-8E0E-49C9-9619-FC56507BA3B5}
		{F97DFCE4-2D9A-4ECA-8F40-B78BD75313CB} = {F97DFCE4-2D9A-4ECA-8F40-B78BD75313CB}
		{029D8DB4-50D9-4BCE-AE55-78F5E5B5D402} = {029D8DB4-50D9-4BCE-AE55-78F5E5B5D402}
		{68ACFF25-B74C-4D69-9AE1-EC69FE881397} = {68ACFF25-B74C-4D69-9AE1-EC69FE881397}
		{4022BD1C-4CC8-4128-9D81-2942A102F893} = {4022BD1C-4CC8-4128-9D81-2942A102F893}
		{4430EE97-A5FD-4AC7-8F4F-F6C0DAB28372} = {4430EE97-A5FD-4AC7-8F4F-F6C0DAB28372}
		{9057F843-FABC-4899-8294-158A2C02FAC0} = {9057F843-FABC-4899-8294-158A2C02FAC0}
		{4F738B03-40AE-40AC-9AAE-A5051D78A518} = {4F738B03-40AE-40AC-9AAE-A5051D78A518}
		{1B03B04D-9071-44C9-AAB4-67F27E4ADAD2} = {1B03B04D-9071-44C9-AAB4-67F27E4ADAD2}
		{9AC5C096-1407-4CC0-B374-63CF2F4556BF} = {9AC5C096-1407-4CC0-B374-63CF2F4556BF}
		{ECA9FF3E-04B0-450D-A57C-F9BE6172B7C8} = {ECA9FF3E-04B0-450D-A57C-F9BE6172B7C8}
		{71C5F149-C495-4254-8737-A442256E0A2A} = {71C5F149-C495-4254-8737-A442256E0A2A}
		{7B5A8B5F-2480-4F4B-BBA0-63309425A701} = {7B5A8B5F-2480-4F4B-BBA0-63309425A701}
	EndProjectSection
EndProject
Project("{8BC9CEB8-8B4A-11D0-8D11-00A0C91BC942}") = "INSTALL", ".\INSTALL.vcproj", "{3E5745C6-3703-46E5-AC6A-757367A72230}"
	ProjectSection(ProjectDependencies) = postProject
		{9EF3599C-FFCB-477A-B307-E68AC6A946D0} = {9EF3599C-FFCB-477A-B307-E68AC6A946D0}
	EndProjectSection
EndProject
Project("{8BC9CEB8-8B4A-11D0-8D11-00A0C91BC942}") = "ZERO_CHECK", ".\ZERO_CHECK.vcproj", "{B2045434-D7D9-481D-B227-61ACB6291D7B}"
	ProjectSection(ProjectDependencies) = postProject
	EndProjectSection
EndProject
Project("{8BC9CEB8-8B4A-11D0-8D11-00A0C91BC942}") = "example_oalpp_capture", "examples\openalpp\example_oalpp_capture.vcproj", "{20DA8824-BE37-43D3-8A4B-4472EF87367B}"
	ProjectSection(ProjectDependencies) = postProject
		{B2045434-D7D9-481D-B227-61ACB6291D7B} = {B2045434-D7D9-481D-B227-61ACB6291D7B}
		{ECA9FF3E-04B0-450D-A57C-F9BE6172B7C8} = {ECA9FF3E-04B0-450D-A57C-F9BE6172B7C8}
	EndProjectSection
EndProject
Project("{8BC9CEB8-8B4A-11D0-8D11-00A0C91BC942}") = "example_oalpp_moving", "examples\openalpp\example_oalpp_moving.vcproj", "{9A8C439E-4E3E-4A9F-8AC5-78C780F2EC6D}"
	ProjectSection(ProjectDependencies) = postProject
		{B2045434-D7D9-481D-B227-61ACB6291D7B} = {B2045434-D7D9-481D-B227-61ACB6291D7B}
		{ECA9FF3E-04B0-450D-A57C-F9BE6172B7C8} = {ECA9FF3E-04B0-450D-A57C-F9BE6172B7C8}
	EndProjectSection
EndProject
Project("{8BC9CEB8-8B4A-11D0-8D11-00A0C91BC942}") = "example_oalpp_multiple", "examples\openalpp\example_oalpp_multiple.vcproj", "{D5BA009C-CFE2-4034-988B-BA5B4670E953}"
	ProjectSection(ProjectDependencies) = postProject
		{B2045434-D7D9-481D-B227-61ACB6291D7B} = {B2045434-D7D9-481D-B227-61ACB6291D7B}
		{ECA9FF3E-04B0-450D-A57C-F9BE6172B7C8} = {ECA9FF3E-04B0-450D-A57C-F9BE6172B7C8}
	EndProjectSection
EndProject
Project("{8BC9CEB8-8B4A-11D0-8D11-00A0C91BC942}") = "example_oalpp_multiple_oggstreams", "examples\openalpp\example_oalpp_multiple_oggstreams.vcproj", "{E1D8FEB0-25D5-4B81-98A0-B42CB9F4D174}"
	ProjectSection(ProjectDependencies) = postProject
		{B2045434-D7D9-481D-B227-61ACB6291D7B} = {B2045434-D7D9-481D-B227-61ACB6291D7B}
		{ECA9FF3E-04B0-450D-A57C-F9BE6172B7C8} = {ECA9FF3E-04B0-450D-A57C-F9BE6172B7C8}
	EndProjectSection
EndProject
Project("{8BC9CEB8-8B4A-11D0-8D11-00A0C91BC942}") = "example_oalpp_playOgg", "examples\openalpp\example_oalpp_playOgg.vcproj", "{AB61F4DC-C2F6-4D8D-896F-2C2EF63D16CD}"
	ProjectSection(ProjectDependencies) = postProject
		{B2045434-D7D9-481D-B227-61ACB6291D7B} = {B2045434-D7D9-481D-B227-61ACB6291D7B}
		{ECA9FF3E-04B0-450D-A57C-F9BE6172B7C8} = {ECA9FF3E-04B0-450D-A57C-F9BE6172B7C8}
	EndProjectSection
EndProject
Project("{8BC9CEB8-8B4A-11D0-8D11-00A0C91BC942}") = "example_oalpp_simple", "examples\openalpp\example_oalpp_simple.vcproj", "{D74AC28C-1C1E-428F-B1DE-120DCF90B32F}"
	ProjectSection(ProjectDependencies) = postProject
		{B2045434-D7D9-481D-B227-61ACB6291D7B} = {B2045434-D7D9-481D-B227-61ACB6291D7B}
		{ECA9FF3E-04B0-450D-A57C-F9BE6172B7C8} = {ECA9FF3E-04B0-450D-A57C-F9BE6172B7C8}
	EndProjectSection
EndProject
Project("{8BC9CEB8-8B4A-11D0-8D11-00A0C91BC942}") = "example_oalpp_testfstream", "examples\openalpp\example_oalpp_testfstream.vcproj", "{86172C3B-0921-4AEB-B41F-C3E4D9326651}"
	ProjectSection(ProjectDependencies) = postProject
		{B2045434-D7D9-481D-B227-61ACB6291D7B} = {B2045434-D7D9-481D-B227-61ACB6291D7B}
		{ECA9FF3E-04B0-450D-A57C-F9BE6172B7C8} = {ECA9FF3E-04B0-450D-A57C-F9BE6172B7C8}
	EndProjectSection
EndProject
Project("{8BC9CEB8-8B4A-11D0-8D11-00A0C91BC942}") = "example_osgaudio", "examples\osgaudio\example_osgaudio.vcproj", "{F64954EB-978F-4A95-A6E7-A4974E3C0B86}"
	ProjectSection(ProjectDependencies) = postProject
		{B2045434-D7D9-481D-B227-61ACB6291D7B} = {B2045434-D7D9-481D-B227-61ACB6291D7B}
		{ECA9FF3E-04B0-450D-A57C-F9BE6172B7C8} = {ECA9FF3E-04B0-450D-A57C-F9BE6172B7C8}
		{71C5F149-C495-4254-8737-A442256E0A2A} = {71C5F149-C495-4254-8737-A442256E0A2A}
	EndProjectSection
EndProject
Project("{8BC9CEB8-8B4A-11D0-8D11-00A0C91BC942}") = "example_osgaudio_multiple", "examples\osgaudiomultiple\example_osgaudio_multiple.vcproj", "{93DD26E8-8E0E-49C9-9619-FC56507BA3B5}"
	ProjectSection(ProjectDependencies) = postProject
		{B2045434-D7D9-481D-B227-61ACB6291D7B} = {B2045434-D7D9-481D-B227-61ACB6291D7B}
		{ECA9FF3E-04B0-450D-A57C-F9BE6172B7C8} = {ECA9FF3E-04B0-450D-A57C-F9BE6172B7C8}
		{71C5F149-C495-4254-8737-A442256E0A2A} = {71C5F149-C495-4254-8737-A442256E0A2A}
	EndProjectSection
EndProject
Project("{8BC9CEB8-8B4A-11D0-8D11-00A0C91BC942}") = "example_osgaudio_occlude", "examples\osgaudioocclude\example_osgaudio_occlude.vcproj", "{F97DFCE4-2D9A-4ECA-8F40-B78BD75313CB}"
	ProjectSection(ProjectDependencies) = postProject
		{B2045434-D7D9-481D-B227-61ACB6291D7B} = {B2045434-D7D9-481D-B227-61ACB6291D7B}
		{ECA9FF3E-04B0-450D-A57C-F9BE6172B7C8} = {ECA9FF3E-04B0-450D-A57C-F9BE6172B7C8}
		{71C5F149-C495-4254-8737-A442256E0A2A} = {71C5F149-C495-4254-8737-A442256E0A2A}
	EndProjectSection
EndProject
Project("{8BC9CEB8-8B4A-11D0-8D11-00A0C91BC942}") = "example_osgaudio_viewer", "examples\osgaudioviewer\example_osgaudio_viewer.vcproj", "{029D8DB4-50D9-4BCE-AE55-78F5E5B5D402}"
	ProjectSection(ProjectDependencies) = postProject
		{B2045434-D7D9-481D-B227-61ACB6291D7B} = {B2045434-D7D9-481D-B227-61ACB6291D7B}
		{ECA9FF3E-04B0-450D-A57C-F9BE6172B7C8} = {ECA9FF3E-04B0-450D-A57C-F9BE6172B7C8}
		{71C5F149-C495-4254-8737-A442256E0A2A} = {71C5F149-C495-4254-8737-A442256E0A2A}
	EndProjectSection
EndProject
Project("{8BC9CEB8-8B4A-11D0-8D11-00A0C91BC942}") = "example_osgaudiolow_capture", "examples\osgaudio-lowlevel\example_osgaudiolow_capture.vcproj", "{68ACFF25-B74C-4D69-9AE1-EC69FE881397}"
	ProjectSection(ProjectDependencies) = postProject
		{B2045434-D7D9-481D-B227-61ACB6291D7B} = {B2045434-D7D9-481D-B227-61ACB6291D7B}
		{ECA9FF3E-04B0-450D-A57C-F9BE6172B7C8} = {ECA9FF3E-04B0-450D-A57C-F9BE6172B7C8}
		{71C5F149-C495-4254-8737-A442256E0A2A} = {71C5F149-C495-4254-8737-A442256E0A2A}
	EndProjectSection
EndProject
Project("{8BC9CEB8-8B4A-11D0-8D11-00A0C91BC942}") = "example_osgaudiolow_moving", "examples\osgaudio-lowlevel\example_osgaudiolow_moving.vcproj", "{4022BD1C-4CC8-4128-9D81-2942A102F893}"
	ProjectSection(ProjectDependencies) = postProject
		{B2045434-D7D9-481D-B227-61ACB6291D7B} = {B2045434-D7D9-481D-B227-61ACB6291D7B}
		{ECA9FF3E-04B0-450D-A57C-F9BE6172B7C8} = {ECA9FF3E-04B0-450D-A57C-F9BE6172B7C8}
		{71C5F149-C495-4254-8737-A442256E0A2A} = {71C5F149-C495-4254-8737-A442256E0A2A}
	EndProjectSection
EndProject
Project("{8BC9CEB8-8B4A-11D0-8D11-00A0C91BC942}") = "example_osgaudiolow_multiple", "examples\osgaudio-lowlevel\example_osgaudiolow_multiple.vcproj", "{4430EE97-A5FD-4AC7-8F4F-F6C0DAB28372}"
	ProjectSection(ProjectDependencies) = postProject
		{B2045434-D7D9-481D-B227-61ACB6291D7B} = {B2045434-D7D9-481D-B227-61ACB6291D7B}
		{ECA9FF3E-04B0-450D-A57C-F9BE6172B7C8} = {ECA9FF3E-04B0-450D-A57C-F9BE6172B7C8}
		{71C5F149-C495-4254-8737-A442256E0A2A} = {71C5F149-C495-4254-8737-A442256E0A2A}
	EndProjectSection
EndProject
Project("{8BC9CEB8-8B4A-11D0-8D11-00A0C91BC942}") = "example_osgaudiolow_multiple_oggstreams", "examples\osgaudio-lowlevel\example_osgaudiolow_multiple_oggstreams.vcproj", "{9057F843-FABC-4899-8294-158A2C02FAC0}"
	ProjectSection(ProjectDependencies) = postProject
		{B2045434-D7D9-481D-B227-61ACB6291D7B} = {B2045434-D7D9-481D-B227-61ACB6291D7B}
		{ECA9FF3E-04B0-450D-A57C-F9BE6172B7C8} = {ECA9FF3E-04B0-450D-A57C-F9BE6172B7C8}
		{71C5F149-C495-4254-8737-A442256E0A2A} = {71C5F149-C495-4254-8737-A442256E0A2A}
	EndProjectSection
EndProject
Project("{8BC9CEB8-8B4A-11D0-8D11-00A0C91BC942}") = "example_osgaudiolow_playOgg", "examples\osgaudio-lowlevel\example_osgaudiolow_playOgg.vcproj", "{4F738B03-40AE-40AC-9AAE-A5051D78A518}"
	ProjectSection(ProjectDependencies) = postProject
		{B2045434-D7D9-481D-B227-61ACB6291D7B} = {B2045434-D7D9-481D-B227-61ACB6291D7B}
		{ECA9FF3E-04B0-450D-A57C-F9BE6172B7C8} = {ECA9FF3E-04B0-450D-A57C-F9BE6172B7C8}
		{71C5F149-C495-4254-8737-A442256E0A2A} = {71C5F149-C495-4254-8737-A442256E0A2A}
	EndProjectSection
EndProject
Project("{8BC9CEB8-8B4A-11D0-8D11-00A0C91BC942}") = "example_osgaudiolow_simple", "examples\osgaudio-lowlevel\example_osgaudiolow_simple.vcproj", "{1B03B04D-9071-44C9-AAB4-67F27E4ADAD2}"
	ProjectSection(ProjectDependencies) = postProject
		{B2045434-D7D9-481D-B227-61ACB6291D7B} = {B2045434-D7D9-481D-B227-61ACB6291D7B}
		{ECA9FF3E-04B0-450D-A57C-F9BE6172B7C8} = {ECA9FF3E-04B0-450D-A57C-F9BE6172B7C8}
		{71C5F149-C495-4254-8737-A442256E0A2A} = {71C5F149-C495-4254-8737-A442256E0A2A}
	EndProjectSection
EndProject
Project("{8BC9CEB8-8B4A-11D0-8D11-00A0C91BC942}") = "example_osgaudiolow_testfstream", "examples\osgaudio-lowlevel\example_osgaudiolow_testfstream.vcproj", "{9AC5C096-1407-4CC0-B374-63CF2F4556BF}"
	ProjectSection(ProjectDependencies) = postProject
		{B2045434-D7D9-481D-B227-61ACB6291D7B} = {B2045434-D7D9-481D-B227-61ACB6291D7B}
		{ECA9FF3E-04B0-450D-A57C-F9BE6172B7C8} = {ECA9FF3E-04B0-450D-A57C-F9BE6172B7C8}
		{71C5F149-C495-4254-8737-A442256E0A2A} = {71C5F149-C495-4254-8737-A442256E0A2A}
	EndProjectSection
EndProject
Project("{8BC9CEB8-8B4A-11D0-8D11-00A0C91BC942}") = "openalpp", "src\openalpp\openalpp.vcproj", "{ECA9FF3E-04B0-450D-A57C-F9BE6172B7C8}"
	ProjectSection(ProjectDependencies) = postProject
		{B2045434-D7D9-481D-B227-61ACB6291D7B} = {B2045434-D7D9-481D-B227-61ACB6291D7B}
	EndProjectSection
EndProject
Project("{8BC9CEB8-8B4A-11D0-8D11-00A0C91BC942}") = "osgAudio", "src\osgAudio\osgAudio.vcproj", "{71C5F149-C495-4254-8737-A442256E0A2A}"
	ProjectSection(ProjectDependencies) = postProject
		{B2045434-D7D9-481D-B227-61ACB6291D7B} = {B2045434-D7D9-481D-B227-61ACB6291D7B}
		{ECA9FF3E-04B0-450D-A57C-F9BE6172B7C8} = {ECA9FF3E-04B0-450D-A57C-F9BE6172B7C8}
	EndProjectSection
EndProject
Project("{8BC9CEB8-8B4A-11D0-8D11-00A0C91BC942}") = "osgdb_osgAudio", "src\osgPlugin\osgdb_osgAudio.vcproj", "{7B5A8B5F-2480-4F4B-BBA0-63309425A701}"
	ProjectSection(ProjectDependencies) = postProject
		{B2045434-D7D9-481D-B227-61ACB6291D7B} = {B2045434-D7D9-481D-B227-61ACB6291D7B}
		{ECA9FF3E-04B0-450D-A57C-F9BE6172B7C8} = {ECA9FF3E-04B0-450D-A57C-F9BE6172B7C8}
		{71C5F149-C495-4254-8737-A442256E0A2A} = {71C5F149-C495-4254-8737-A442256E0A2A}
	EndProjectSection
EndProject
Global
	GlobalSection(SolutionConfigurationPlatforms) = preSolution
		Debug|Win32 = Debug|Win32
		Release|Win32 = Release|Win32
		MinSizeRel|Win32 = MinSizeRel|Win32
		RelWithDebInfo|Win32 = RelWithDebInfo|Win32
	EndGlobalSection
	GlobalSection(ProjectConfigurationPlatforms) = postSolution
		{9EF3599C-FFCB-477A-B307-E68AC6A946D0}.Debug|Win32.ActiveCfg = Debug|Win32
		{9EF3599C-FFCB-477A-B307-E68AC6A946D0}.Debug|Win32.Build.0 = Debug|Win32
		{9EF3599C-FFCB-477A-B307-E68AC6A946D0}.Release|Win32.ActiveCfg = Release|Win32
		{9EF3599C-FFCB-477A-B307-E68AC6A946D0}.Release|Win32.Build.0 = Release|Win32
		{9EF3599C-FFCB-477A-B307-E68AC6A946D0}.MinSizeRel|Win32.ActiveCfg = MinSizeRel|Win32
		{9EF3599C-FFCB-477A-B307-E68AC6A946D0}.MinSizeRel|Win32.Build.0 = MinSizeRel|Win32
		{9EF3599C-FFCB-477A-B307-E68AC6A946D0}.RelWithDebInfo|Win32.ActiveCfg = RelWithDebInfo|Win32
		{9EF3599C-FFCB-477A-B307-E68AC6A946D0}.RelWithDebInfo|Win32.Build.0 = RelWithDebInfo|Win32
		{3E5745C6-3703-46E5-AC6A-757367A72230}.Debug|Win32.ActiveCfg = Debug|Win32
		{3E5745C6-3703-46E5-AC6A-757367A72230}.Release|Win32.ActiveCfg = Release|Win32
		{3E5745C6-3703-46E5-AC6A-757367A72230}.MinSizeRel|Win32.ActiveCfg = MinSizeRel|Win32
		{3E5745C6-3703-46E5-AC6A-757367A72230}.RelWithDebInfo|Win32.ActiveCfg = RelWithDebInfo|Win32
		{B2045434-D7D9-481D-B227-61ACB6291D7B}.Debug|Win32.ActiveCfg = Debug|Win32
		{B2045434-D7D9-481D-B227-61ACB6291D7B}.Debug|Win32.Build.0 = Debug|Win32
		{B2045434-D7D9-481D-B227-61ACB6291D7B}.Release|Win32.ActiveCfg = Release|Win32
		{B2045434-D7D9-481D-B227-61ACB6291D7B}.Release|Win32.Build.0 = Release|Win32
		{B2045434-D7D9-481D-B227-61ACB6291D7B}.MinSizeRel|Win32.ActiveCfg = MinSizeRel|Win32
		{B2045434-D7D9-481D-B227-61ACB6291D7B}.MinSizeRel|Win32.Build.0 = MinSizeRel|Win32
		{B2045434-D7D9-481D-B227-61ACB6291D7B}.RelWithDebInfo|Win32.ActiveCfg = RelWithDebInfo|Win32
		{B2045434-D7D9-481D-B227-61ACB6291D7B}.RelWithDebInfo|Win32.Build.0 = RelWithDebInfo|Win32
		{20DA8824-BE37-43D3-8A4B-4472EF87367B}.Debug|Win32.ActiveCfg = Debug|Win32
		{20DA8824-BE37-43D3-8A4B-4472EF87367B}.Debug|Win32.Build.0 = Debug|Win32
		{20DA8824-BE37-43D3-8A4B-4472EF87367B}.Release|Win32.ActiveCfg = Release|Win32
		{20DA8824-BE37-43D3-8A4B-4472EF87367B}.Release|Win32.Build.0 = Release|Win32
		{20DA8824-BE37-43D3-8A4B-4472EF87367B}.MinSizeRel|Win32.ActiveCfg = MinSizeRel|Win32
		{20DA8824-BE37-43D3-8A4B-4472EF87367B}.MinSizeRel|Win32.Build.0 = MinSizeRel|Win32
		{20DA8824-BE37-43D3-8A4B-4472EF87367B}.RelWithDebInfo|Win32.ActiveCfg = RelWithDebInfo|Win32
		{20DA8824-BE37-43D3-8A4B-4472EF87367B}.RelWithDebInfo|Win32.Build.0 = RelWithDebInfo|Win32
		{9A8C439E-4E3E-4A9F-8AC5-78C780F2EC6D}.Debug|Win32.ActiveCfg = Debug|Win32
		{9A8C439E-4E3E-4A9F-8AC5-78C780F2EC6D}.Debug|Win32.Build.0 = Debug|Win32
		{9A8C439E-4E3E-4A9F-8AC5-78C780F2EC6D}.Release|Win32.ActiveCfg = Release|Win32
		{9A8C439E-4E3E-4A9F-8AC5-78C780F2EC6D}.Release|Win32.Build.0 = Release|Win32
		{9A8C439E-4E3E-4A9F-8AC5-78C780F2EC6D}.MinSizeRel|Win32.ActiveCfg = MinSizeRel|Win32
		{9A8C439E-4E3E-4A9F-8AC5-78C780F2EC6D}.MinSizeRel|Win32.Build.0 = MinSizeRel|Win32
		{9A8C439E-4E3E-4A9F-8AC5-78C780F2EC6D}.RelWithDebInfo|Win32.ActiveCfg = RelWithDebInfo|Win32
		{9A8C439E-4E3E-4A9F-8AC5-78C780F2EC6D}.RelWithDebInfo|Win32.Build.0 = RelWithDebInfo|Win32
		{D5BA009C-CFE2-4034-988B-BA5B4670E953}.Debug|Win32.ActiveCfg = Debug|Win32
		{D5BA009C-CFE2-4034-988B-BA5B4670E953}.Debug|Win32.Build.0 = Debug|Win32
		{D5BA009C-CFE2-4034-988B-BA5B4670E953}.Release|Win32.ActiveCfg = Release|Win32
		{D5BA009C-CFE2-4034-988B-BA5B4670E953}.Release|Win32.Build.0 = Release|Win32
		{D5BA009C-CFE2-4034-988B-BA5B4670E953}.MinSizeRel|Win32.ActiveCfg = MinSizeRel|Win32
		{D5BA009C-CFE2-4034-988B-BA5B4670E953}.MinSizeRel|Win32.Build.0 = MinSizeRel|Win32
		{D5BA009C-CFE2-4034-988B-BA5B4670E953}.RelWithDebInfo|Win32.ActiveCfg = RelWithDebInfo|Win32
		{D5BA009C-CFE2-4034-988B-BA5B4670E953}.RelWithDebInfo|Win32.Build.0 = RelWithDebInfo|Win32
		{E1D8FEB0-25D5-4B81-98A0-B42CB9F4D174}.Debug|Win32.ActiveCfg = Debug|Win32
		{E1D8FEB0-25D5-4B81-98A0-B42CB9F4D174}.Debug|Win32.Build.0 = Debug|Win32
		{E1D8FEB0-25D5-4B81-98A0-B42CB9F4D174}.Release|Win32.ActiveCfg = Release|Win32
		{E1D8FEB0-25D5-4B81-98A0-B42CB9F4D174}.Release|Win32.Build.0 = Release|Win32
		{E1D8FEB0-25D5-4B81-98A0-B42CB9F4D174}.MinSizeRel|Win32.ActiveCfg = MinSizeRel|Win32
		{E1D8FEB0-25D5-4B81-98A0-B42CB9F4D174}.MinSizeRel|Win32.Build.0 = MinSizeRel|Win32
		{E1D8FEB0-25D5-4B81-98A0-B42CB9F4D174}.RelWithDebInfo|Win32.ActiveCfg = RelWithDebInfo|Win32
		{E1D8FEB0-25D5-4B81-98A0-B42CB9F4D174}.RelWithDebInfo|Win32.Build.0 = RelWithDebInfo|Win32
		{AB61F4DC-C2F6-4D8D-896F-2C2EF63D16CD}.Debug|Win32.ActiveCfg = Debug|Win32
		{AB61F4DC-C2F6-4D8D-896F-2C2EF63D16CD}.Debug|Win32.Build.0 = Debug|Win32
		{AB61F4DC-C2F6-4D8D-896F-2C2EF63D16CD}.Release|Win32.ActiveCfg = Release|Win32
		{AB61F4DC-C2F6-4D8D-896F-2C2EF63D16CD}.Release|Win32.Build.0 = Release|Win32
		{AB61F4DC-C2F6-4D8D-896F-2C2EF63D16CD}.MinSizeRel|Win32.ActiveCfg = MinSizeRel|Win32
		{AB61F4DC-C2F6-4D8D-896F-2C2EF63D16CD}.MinSizeRel|Win32.Build.0 = MinSizeRel|Win32
		{AB61F4DC-C2F6-4D8D-896F-2C2EF63D16CD}.RelWithDebInfo|Win32.ActiveCfg = RelWithDebInfo|Win32
		{AB61F4DC-C2F6-4D8D-896F-2C2EF63D16CD}.RelWithDebInfo|Win32.Build.0 = RelWithDebInfo|Win32
		{D74AC28C-1C1E-428F-B1DE-120DCF90B32F}.Debug|Win32.ActiveCfg = Debug|Win32
		{D74AC28C-1C1E-428F-B1DE-120DCF90B32F}.Debug|Win32.Build.0 = Debug|Win32
		{D74AC28C-1C1E-428F-B1DE-120DCF90B32F}.Release|Win32.ActiveCfg = Release|Win32
		{D74AC28C-1C1E-428F-B1DE-120DCF90B32F}.Release|Win32.Build.0 = Release|Win32
		{D74AC28C-1C1E-428F-B1DE-120DCF90B32F}.MinSizeRel|Win32.ActiveCfg = MinSizeRel|Win32
		{D74AC28C-1C1E-428F-B1DE-120DCF90B32F}.MinSizeRel|Win32.Build.0 = MinSizeRel|Win32
		{D74AC28C-1C1E-428F-B1DE-120DCF90B32F}.RelWithDebInfo|Win32.ActiveCfg = RelWithDebInfo|Win32
		{D74AC28C-1C1E-428F-B1DE-120DCF90B32F}.RelWithDebInfo|Win32.Build.0 = RelWithDebInfo|Win32
		{86172C3B-0921-4AEB-B41F-C3E4D9326651}.Debug|Win32.ActiveCfg = Debug|Win32
		{86172C3B-0921-4AEB-B41F-C3E4D9326651}.Debug|Win32.Build.0 = Debug|Win32
		{86172C3B-0921-4AEB-B41F-C3E4D9326651}.Release|Win32.ActiveCfg = Release|Win32
		{86172C3B-0921-4AEB-B41F-C3E4D9326651}.Release|Win32.Build.0 = Release|Win32
		{86172C3B-0921-4AEB-B41F-C3E4D9326651}.MinSizeRel|Win32.ActiveCfg = MinSizeRel|Win32
		{86172C3B-0921-4AEB-B41F-C3E4D9326651}.MinSizeRel|Win32.Build.0 = MinSizeRel|Win32
		{86172C3B-0921-4AEB-B41F-C3E4D9326651}.RelWithDebInfo|Win32.ActiveCfg = RelWithDebInfo|Win32
		{86172C3B-0921-4AEB-B41F-C3E4D9326651}.RelWithDebInfo|Win32.Build.0 = RelWithDebInfo|Win32
		{F64954EB-978F-4A95-A6E7-A4974E3C0B86}.Debug|Win32.ActiveCfg = Debug|Win32
		{F64954EB-978F-4A95-A6E7-A4974E3C0B86}.Debug|Win32.Build.0 = Debug|Win32
		{F64954EB-978F-4A95-A6E7-A4974E3C0B86}.Release|Win32.ActiveCfg = Release|Win32
		{F64954EB-978F-4A95-A6E7-A4974E3C0B86}.Release|Win32.Build.0 = Release|Win32
		{F64954EB-978F-4A95-A6E7-A4974E3C0B86}.MinSizeRel|Win32.ActiveCfg = MinSizeRel|Win32
		{F64954EB-978F-4A95-A6E7-A4974E3C0B86}.MinSizeRel|Win32.Build.0 = MinSizeRel|Win32
		{F64954EB-978F-4A95-A6E7-A4974E3C0B86}.RelWithDebInfo|Win32.ActiveCfg = RelWithDebInfo|Win32
		{F64954EB-978F-4A95-A6E7-A4974E3C0B86}.RelWithDebInfo|Win32.Build.0 = RelWithDebInfo|Win32
		{93DD26E8-8E0E-49C9-9619-FC56507BA3B5}.Debug|Win32.ActiveCfg = Debug|Win32
		{93DD26E8-8E0E-49C9-9619-FC56507BA3B5}.Debug|Win32.Build.0 = Debug|Win32
		{93DD26E8-8E0E-49C9-9619-FC56507BA3B5}.Release|Win32.ActiveCfg = Release|Win32
		{93DD26E8-8E0E-49C9-9619-FC56507BA3B5}.Release|Win32.Build.0 = Release|Win32
		{93DD26E8-8E0E-49C9-9619-FC56507BA3B5}.MinSizeRel|Win32.ActiveCfg = MinSizeRel|Win32
		{93DD26E8-8E0E-49C9-9619-FC56507BA3B5}.MinSizeRel|Win32.Build.0 = MinSizeRel|Win32
		{93DD26E8-8E0E-49C9-9619-FC56507BA3B5}.RelWithDebInfo|Win32.ActiveCfg = RelWithDebInfo|Win32
		{93DD26E8-8E0E-49C9-9619-FC56507BA3B5}.RelWithDebInfo|Win32.Build.0 = RelWithDebInfo|Win32
		{F97DFCE4-2D9A-4ECA-8F40-B78BD75313CB}.Debug|Win32.ActiveCfg = Debug|Win32
		{F97DFCE4-2D9A-4ECA-8F40-B78BD75313CB}.Debug|Win32.Build.0 = Debug|Win32
		{F97DFCE4-2D9A-4ECA-8F40-B78BD75313CB}.Release|Win32.ActiveCfg = Release|Win32
		{F97DFCE4-2D9A-4ECA-8F40-B78BD75313CB}.Release|Win32.Build.0 = Release|Win32
		{F97DFCE4-2D9A-4ECA-8F40-B78BD75313CB}.MinSizeRel|Win32.ActiveCfg = MinSizeRel|Win32
		{F97DFCE4-2D9A-4ECA-8F40-B78BD75313CB}.MinSizeRel|Win32.Build.0 = MinSizeRel|Win32
		{F97DFCE4-2D9A-4ECA-8F40-B78BD75313CB}.RelWithDebInfo|Win32.ActiveCfg = RelWithDebInfo|Win32
		{F97DFCE4-2D9A-4ECA-8F40-B78BD75313CB}.RelWithDebInfo|Win32.Build.0 = RelWithDebInfo|Win32
		{029D8DB4-50D9-4BCE-AE55-78F5E5B5D402}.Debug|Win32.ActiveCfg = Debug|Win32
		{029D8DB4-50D9-4BCE-AE55-78F5E5B5D402}.Debug|Win32.Build.0 = Debug|Win32
		{029D8DB4-50D9-4BCE-AE55-78F5E5B5D402}.Release|Win32.ActiveCfg = Release|Win32
		{029D8DB4-50D9-4BCE-AE55-78F5E5B5D402}.Release|Win32.Build.0 = Release|Win32
		{029D8DB4-50D9-4BCE-AE55-78F5E5B5D402}.MinSizeRel|Win32.ActiveCfg = MinSizeRel|Win32
		{029D8DB4-50D9-4BCE-AE55-78F5E5B5D402}.MinSizeRel|Win32.Build.0 = MinSizeRel|Win32
		{029D8DB4-50D9-4BCE-AE55-78F5E5B5D402}.RelWithDebInfo|Win32.ActiveCfg = RelWithDebInfo|Win32
		{029D8DB4-50D9-4BCE-AE55-78F5E5B5D402}.RelWithDebInfo|Win32.Build.0 = RelWithDebInfo|Win32
		{68ACFF25-B74C-4D69-9AE1-EC69FE881397}.Debug|Win32.ActiveCfg = Debug|Win32
		{68ACFF25-B74C-4D69-9AE1-EC69FE881397}.Debug|Win32.Build.0 = Debug|Win32
		{68ACFF25-B74C-4D69-9AE1-EC69FE881397}.Release|Win32.ActiveCfg = Release|Win32
		{68ACFF25-B74C-4D69-9AE1-EC69FE881397}.Release|Win32.Build.0 = Release|Win32
		{68ACFF25-B74C-4D69-9AE1-EC69FE881397}.MinSizeRel|Win32.ActiveCfg = MinSizeRel|Win32
		{68ACFF25-B74C-4D69-9AE1-EC69FE881397}.MinSizeRel|Win32.Build.0 = MinSizeRel|Win32
		{68ACFF25-B74C-4D69-9AE1-EC69FE881397}.RelWithDebInfo|Win32.ActiveCfg = RelWithDebInfo|Win32
		{68ACFF25-B74C-4D69-9AE1-EC69FE881397}.RelWithDebInfo|Win32.Build.0 = RelWithDebInfo|Win32
		{4022BD1C-4CC8-4128-9D81-2942A102F893}.Debug|Win32.ActiveCfg = Debug|Win32
		{4022BD1C-4CC8-4128-9D81-2942A102F893}.Debug|Win32.Build.0 = Debug|Win32
		{4022BD1C-4CC8-4128-9D81-2942A102F893}.Release|Win32.ActiveCfg = Release|Win32
		{4022BD1C-4CC8-4128-9D81-2942A102F893}.Release|Win32.Build.0 = Release|Win32
		{4022BD1C-4CC8-4128-9D81-2942A102F893}.MinSizeRel|Win32.ActiveCfg = MinSizeRel|Win32
		{4022BD1C-4CC8-4128-9D81-2942A102F893}.MinSizeRel|Win32.Build.0 = MinSizeRel|Win32
		{4022BD1C-4CC8-4128-9D81-2942A102F893}.RelWithDebInfo|Win32.ActiveCfg = RelWithDebInfo|Win32
		{4022BD1C-4CC8-4128-9D81-2942A102F893}.RelWithDebInfo|Win32.Build.0 = RelWithDebInfo|Win32
		{4430EE97-A5FD-4AC7-8F4F-F6C0DAB28372}.Debug|Win32.ActiveCfg = Debug|Win32
		{4430EE97-A5FD-4AC7-8F4F-F6C0DAB28372}.Debug|Win32.Build.0 = Debug|Win32
		{4430EE97-A5FD-4AC7-8F4F-F6C0DAB28372}.Release|Win32.ActiveCfg = Release|Win32
		{4430EE97-A5FD-4AC7-8F4F-F6C0DAB28372}.Release|Win32.Build.0 = Release|Win32
		{4430EE97-A5FD-4AC7-8F4F-F6C0DAB28372}.MinSizeRel|Win32.ActiveCfg = MinSizeRel|Win32
		{4430EE97-A5FD-4AC7-8F4F-F6C0DAB28372}.MinSizeRel|Win32.Build.0 = MinSizeRel|Win32
		{4430EE97-A5FD-4AC7-8F4F-F6C0DAB28372}.RelWithDebInfo|Win32.ActiveCfg = RelWithDebInfo|Win32
		{4430EE97-A5FD-4AC7-8F4F-F6C0DAB28372}.RelWithDebInfo|Win32.Build.0 = RelWithDebInfo|Win32
		{9057F843-FABC-4899-8294-158A2C02FAC0}.Debug|Win32.ActiveCfg = Debug|Win32
		{9057F843-FABC-4899-8294-158A2C02FAC0}.Debug|Win32.Build.0 = Debug|Win32
		{9057F843-FABC-4899-8294-158A2C02FAC0}.Release|Win32.ActiveCfg = Release|Win32
		{9057F843-FABC-4899-8294-158A2C02FAC0}.Release|Win32.Build.0 = Release|Win32
		{9057F843-FABC-4899-8294-158A2C02FAC0}.MinSizeRel|Win32.ActiveCfg = MinSizeRel|Win32
		{9057F843-FABC-4899-8294-158A2C02FAC0}.MinSizeRel|Win32.Build.0 = MinSizeRel|Win32
		{9057F843-FABC-4899-8294-158A2C02FAC0}.RelWithDebInfo|Win32.ActiveCfg = RelWithDebInfo|Win32
		{9057F843-FABC-4899-8294-158A2C02FAC0}.RelWithDebInfo|Win32.Build.0 = RelWithDebInfo|Win32
		{4F738B03-40AE-40AC-9AAE-A5051D78A518}.Debug|Win32.ActiveCfg = Debug|Win32
		{4F738B03-40AE-40AC-9AAE-A5051D78A518}.Debug|Win32.Build.0 = Debug|Win32
		{4F738B03-40AE-40AC-9AAE-A5051D78A518}.Release|Win32.ActiveCfg = Release|Win32
		{4F738B03-40AE-40AC-9AAE-A5051D78A518}.Release|Win32.Build.0 = Release|Win32
		{4F738B03-40AE-40AC-9AAE-A5051D78A518}.MinSizeRel|Win32.ActiveCfg = MinSizeRel|Win32
		{4F738B03-40AE-40AC-9AAE-A5051D78A518}.MinSizeRel|Win32.Build.0 = MinSizeRel|Win32
		{4F738B03-40AE-40AC-9AAE-A5051D78A518}.RelWithDebInfo|Win32.ActiveCfg = RelWithDebInfo|Win32
		{4F738B03-40AE-40AC-9AAE-A5051D78A518}.RelWithDebInfo|Win32.Build.0 = RelWithDebInfo|Win32
		{1B03B04D-9071-44C9-AAB4-67F27E4ADAD2}.Debug|Win32.ActiveCfg = Debug|Win32
		{1B03B04D-9071-44C9-AAB4-67F27E4ADAD2}.Debug|Win32.Build.0 = Debug|Win32
		{1B03B04D-9071-44C9-AAB4-67F27E4ADAD2}.Release|Win32.ActiveCfg = Release|Win32
		{1B03B04D-9071-44C9-AAB4-67F27E4ADAD2}.Release|Win32.Build.0 = Release|Win32
		{1B03B04D-9071-44C9-AAB4-67F27E4ADAD2}.MinSizeRel|Win32.ActiveCfg = MinSizeRel|Win32
		{1B03B04D-9071-44C9-AAB4-67F27E4ADAD2}.MinSizeRel|Win32.Build.0 = MinSizeRel|Win32
		{1B03B04D-9071-44C9-AAB4-67F27E4ADAD2}.RelWithDebInfo|Win32.ActiveCfg = RelWithDebInfo|Win32
		{1B03B04D-9071-44C9-AAB4-67F27E4ADAD2}.RelWithDebInfo|Win32.Build.0 = RelWithDebInfo|Win32
		{9AC5C096-1407-4CC0-B374-63CF2F4556BF}.Debug|Win32.ActiveCfg = Debug|Win32
		{9AC5C096-1407-4CC0-B374-63CF2F4556BF}.Debug|Win32.Build.0 = Debug|Win32
		{9AC5C096-1407-4CC0-B374-63CF2F4556BF}.Release|Win32.ActiveCfg = Release|Win32
		{9AC5C096-1407-4CC0-B374-63CF2F4556BF}.Release|Win32.Build.0 = Release|Win32
		{9AC5C096-1407-4CC0-B374-63CF2F4556BF}.MinSizeRel|Win32.ActiveCfg = MinSizeRel|Win32
		{9AC5C096-1407-4CC0-B374-63CF2F4556BF}.MinSizeRel|Win32.Build.0 = MinSizeRel|Win32
		{9AC5C096-1407-4CC0-B374-63CF2F4556BF}.RelWithDebInfo|Win32.ActiveCfg = RelWithDebInfo|Win32
		{9AC5C096-1407-4CC0-B374-63CF2F4556BF}.RelWithDebInfo|Win32.Build.0 = RelWithDebInfo|Win32
		{ECA9FF3E-04B0-450D-A57C-F9BE6172B7C8}.Debug|Win32.ActiveCfg = Debug|Win32
		{ECA9FF3E-04B0-450D-A57C-F9BE6172B7C8}.Debug|Win32.Build.0 = Debug|Win32
		{ECA9FF3E-04B0-450D-A57C-F9BE6172B7C8}.Release|Win32.ActiveCfg = Release|Win32
		{ECA9FF3E-04B0-450D-A57C-F9BE6172B7C8}.Release|Win32.Build.0 = Release|Win32
		{ECA9FF3E-04B0-450D-A57C-F9BE6172B7C8}.MinSizeRel|Win32.ActiveCfg = MinSizeRel|Win32
		{ECA9FF3E-04B0-450D-A57C-F9BE6172B7C8}.MinSizeRel|Win32.Build.0 = MinSizeRel|Win32
		{ECA9FF3E-04B0-450D-A57C-F9BE6172B7C8}.RelWithDebInfo|Win32.ActiveCfg = RelWithDebInfo|Win32
		{ECA9FF3E-04B0-450D-A57C-F9BE6172B7C8}.RelWithDebInfo|Win32.Build.0 = RelWithDebInfo|Win32
		{71C5F149-C495-4254-8737-A442256E0A2A}.Debug|Win32.ActiveCfg = Debug|Win32
		{71C5F149-C495-4254-8737-A442256E0A2A}.Debug|Win32.Build.0 = Debug|Win32
		{71C5F149-C495-4254-8737-A442256E0A2A}.Release|Win32.ActiveCfg = Release|Win32
		{71C5F149-C495-4254-8737-A442256E0A2A}.Release|Win32.Build.0 = Release|Win32
		{71C5F149-C495-4254-8737-A442256E0A2A}.MinSizeRel|Win32.ActiveCfg = MinSizeRel|Win32
		{71C5F149-C495-4254-8737-A442256E0A2A}.MinSizeRel|Win32.Build.0 = MinSizeRel|Win32
		{71C5F149-C495-4254-8737-A442256E0A2A}.RelWithDebInfo|Win32.ActiveCfg = RelWithDebInfo|Win32
		{71C5F149-C495-4254-8737-A442256E0A2A}.RelWithDebInfo|Win32.Build.0 = RelWithDebInfo|Win32
		{7B5A8B5F-2480-4F4B-BBA0-63309425A701}.Debug|Win32.ActiveCfg = Debug|Win32
		{7B5A8B5F-2480-4F4B-BBA0-63309425A701}.Debug|Win32.Build.0 = Debug|Win32
		{7B5A8B5F-2480-4F4B-BBA0-63309425A701}.Release|Win32.ActiveCfg = Release|Win32
		{7B5A8B5F-2480-4F4B-BBA0-63309425A701}.Release|Win32.Build.0 = Release|Win32
		{7B5A8B5F-2480-4F4B-BBA0-63309425A701}.MinSizeRel|Win32.ActiveCfg = MinSizeRel|Win32
		{7B5A8B5F-2480-4F4B-BBA0-63309425A701}.MinSizeRel|Win32.Build.0 = MinSizeRel|Win32
		{7B5A8B5F-2480-4F4B-BBA0-63309425A701}.RelWithDebInfo|Win32.ActiveCfg = RelWithDebInfo|Win32
		{7B5A8B5F-2480-4F4B-BBA0-63309425A701}.RelWithDebInfo|Win32.Build.0 = RelWithDebInfo|Win32
	EndGlobalSection
	GlobalSection(ExtensibilityGlobals) = postSolution
	EndGlobalSection
	GlobalSection(ExtensibilityAddIns) = postSolution
	EndGlobalSection
EndGlobal
